
Microsoft Visual Studio Solution File, Format Version 12.00
# Visual Studio 15
VisualStudioVersion = 15.0.25123.0
MinimumVisualStudioVersion = 10.0.40219.1
Project("{FAE04EC0-301F-11D3-BF4B-00C04F79EFBC}") = "Parser", "Parser\Parser.csproj", "{E1593562-274A-45F8-A365-4A871302D717}"
EndProject
Project("{FAE04EC0-301F-11D3-BF4B-00C04F79EFBC}") = "Parser.Tests", "Parser.Tests\Parser.Tests.csproj", "{D7F8AAF5-C206-408C-A98F-642B3B59BC8F}"
EndProject
Project("{FAE04EC0-301F-11D3-BF4B-00C04F79EFBC}") = "GrammarExplorer", "GrammarExplorer\GrammarExplorer.csproj", "{BA5F3CE8-2BED-46D5-AC7B-91A0F7CD30DC}"
EndProject
Project("{2150E333-8FDC-42A3-9474-1A3956D46DE8}") = "Solution Items", "Solution Items", "{A7DE3D55-0809-45E0-AFE3-9BD63757F882}"
	ProjectSection(SolutionItems) = preProject
		LICENSE = LICENSE
		README.md = README.md
	EndProjectSection
EndProject
Global
	GlobalSection(SolutionConfigurationPlatforms) = preSolution
		Debug|Any CPU = Debug|Any CPU
		Release|Any CPU = Release|Any CPU
	EndGlobalSection
	GlobalSection(ProjectConfigurationPlatforms) = postSolution
		{E1593562-274A-45F8-A365-4A871302D717}.Debug|Any CPU.ActiveCfg = Debug|Any CPU
		{E1593562-274A-45F8-A365-4A871302D717}.Debug|Any CPU.Build.0 = Debug|Any CPU
		{E1593562-274A-45F8-A365-4A871302D717}.Release|Any CPU.ActiveCfg = Release|Any CPU
		{E1593562-274A-45F8-A365-4A871302D717}.Release|Any CPU.Build.0 = Release|Any CPU
		{D7F8AAF5-C206-408C-A98F-642B3B59BC8F}.Debug|Any CPU.ActiveCfg = Debug|Any CPU
		{D7F8AAF5-C206-408C-A98F-642B3B59BC8F}.Debug|Any CPU.Build.0 = Debug|Any CPU
		{D7F8AAF5-C206-408C-A98F-642B3B59BC8F}.Release|Any CPU.ActiveCfg = Release|Any CPU
		{D7F8AAF5-C206-408C-A98F-642B3B59BC8F}.Release|Any CPU.Build.0 = Release|Any CPU
		{BA5F3CE8-2BED-46D5-AC7B-91A0F7CD30DC}.Debug|Any CPU.ActiveCfg = Debug|Any CPU
		{BA5F3CE8-2BED-46D5-AC7B-91A0F7CD30DC}.Debug|Any CPU.Build.0 = Debug|Any CPU
		{BA5F3CE8-2BED-46D5-AC7B-91A0F7CD30DC}.Release|Any CPU.ActiveCfg = Release|Any CPU
		{BA5F3CE8-2BED-46D5-AC7B-91A0F7CD30DC}.Release|Any CPU.Build.0 = Release|Any CPU
	EndGlobalSection
	GlobalSection(SolutionProperties) = preSolution
		HideSolutionNode = FALSE
	EndGlobalSection
	GlobalSection(MonoDevelopProperties) = preSolution
		StartupItem = Parser\Parser.csproj
	EndGlobalSection
EndGlobal
